
Microsoft Visual Studio Solution File, Format Version 12.00
# Visual Studio Version 16
VisualStudioVersion = 16.0.31729.503
MinimumVisualStudioVersion = 10.0.40219.1
Project("{FAE04EC0-301F-11D3-BF4B-00C04F79EFBC}") = "Notepad Duplicate", "Notepad Duplicate\Notepad Duplicate.csproj", "{D24BF16B-CB90-4B0A-B04E-E5A38351ED1C}"
EndProject
Global
	GlobalSection(SolutionConfigurationPlatforms) = preSolution
		Debug|Any CPU = Debug|Any CPU
		Release|Any CPU = Release|Any CPU
	EndGlobalSection
	GlobalSection(ProjectConfigurationPlatforms) = postSolution
		{D24BF16B-CB90-4B0A-B04E-E5A38351ED1C}.Debug|Any CPU.ActiveCfg = Debug|Any CPU
		{D24BF16B-CB90-4B0A-B04E-E5A38351ED1C}.Debug|Any CPU.Build.0 = Debug|Any CPU
		{D24BF16B-CB90-4B0A-B04E-E5A38351ED1C}.Release|Any CPU.ActiveCfg = Release|Any CPU
		{D24BF16B-CB90-4B0A-B04E-E5A38351ED1C}.Release|Any CPU.Build.0 = Release|Any CPU
	EndGlobalSection
	GlobalSection(SolutionProperties) = preSolution
		HideSolutionNode = FALSE
	EndGlobalSection
	GlobalSection(ExtensibilityGlobals) = postSolution
		SolutionGuid = {18E207A0-C9A8-49BC-90BC-9A0FE768A7BC}
	EndGlobalSection
EndGlobal
